
Microsoft Visual Studio Solution File, Format Version 12.00
# Visual Studio Version 16
VisualStudioVersion = 16.0.30002.166
MinimumVisualStudioVersion = 10.0.40219.1
Project("{FAE04EC0-301F-11D3-BF4B-00C04F79EFBC}") = "COMP3000Project.Android", "COMP3000Project.Android\COMP3000Project.Android.csproj", "{9D5EAA2B-4079-4398-BC29-F001F9D9B377}"
EndProject
Project("{FAE04EC0-301F-11D3-BF4B-00C04F79EFBC}") = "COMP3000Project.iOS", "COMP3000Project.iOS\COMP3000Project.iOS.csproj", "{3685E8CE-7939-431A-9AD7-E2C967E736C9}"
EndProject
Project("{9A19103F-16F7-4668-BE54-9A1E7A4F7556}") = "COMP3000Project", "COMP3000Project\COMP3000Project.csproj", "{0B3DCC7C-0F24-4AA8-9278-2ED3D062A146}"
EndProject
Project("{FAE04EC0-301F-11D3-BF4B-00C04F79EFBC}") = "COMP3000Project.Tests", "COMP3000Project.Tests\COMP3000Project.Tests.csproj", "{A7CEC03B-3586-406A-A204-C1BDDA63BC6B}"
EndProject
Global
	GlobalSection(SolutionConfigurationPlatforms) = preSolution
		Debug|Any CPU = Debug|Any CPU
		Debug|ARM = Debug|ARM
		Debug|iPhone = Debug|iPhone
		Debug|iPhoneSimulator = Debug|iPhoneSimulator
		Debug|x64 = Debug|x64
		Debug|x86 = Debug|x86
		Release|Any CPU = Release|Any CPU
		Release|ARM = Release|ARM
		Release|iPhone = Release|iPhone
		Release|iPhoneSimulator = Release|iPhoneSimulator
		Release|x64 = Release|x64
		Release|x86 = Release|x86
	EndGlobalSection
	GlobalSection(ProjectConfigurationPlatforms) = postSolution
		{9D5EAA2B-4079-4398-BC29-F001F9D9B377}.Debug|Any CPU.ActiveCfg = Debug|Any CPU
		{9D5EAA2B-4079-4398-BC29-F001F9D9B377}.Debug|Any CPU.Build.0 = Debug|Any CPU
		{9D5EAA2B-4079-4398-BC29-F001F9D9B377}.Debug|Any CPU.Deploy.0 = Debug|Any CPU
		{9D5EAA2B-4079-4398-BC29-F001F9D9B377}.Debug|ARM.ActiveCfg = Debug|Any CPU
		{9D5EAA2B-4079-4398-BC29-F001F9D9B377}.Debug|ARM.Build.0 = Debug|Any CPU
		{9D5EAA2B-4079-4398-BC29-F001F9D9B377}.Debug|ARM.Deploy.0 = Debug|Any CPU
		{9D5EAA2B-4079-4398-BC29-F001F9D9B377}.Debug|iPhone.ActiveCfg = Debug|Any CPU
		{9D5EAA2B-4079-4398-BC29-F001F9D9B377}.Debug|iPhone.Build.0 = Debug|Any CPU
		{9D5EAA2B-4079-4398-BC29-F001F9D9B377}.Debug|iPhone.Deploy.0 = Debug|Any CPU
		{9D5EAA2B-4079-4398-BC29-F001F9D9B377}.Debug|iPhoneSimulator.ActiveCfg = Debug|Any CPU
		{9D5EAA2B-4079-4398-BC29-F001F9D9B377}.Debug|iPhoneSimulator.Build.0 = Debug|Any CPU
		{9D5EAA2B-4079-4398-BC29-F001F9D9B377}.Debug|iPhoneSimulator.Deploy.0 = Debug|Any CPU
		{9D5EAA2B-4079-4398-BC29-F001F9D9B377}.Debug|x64.ActiveCfg = Debug|Any CPU
		{9D5EAA2B-4079-4398-BC29-F001F9D9B377}.Debug|x64.Build.0 = Debug|Any CPU
		{9D5EAA2B-4079-4398-BC29-F001F9D9B377}.Debug|x64.Deploy.0 = Debug|Any CPU
		{9D5EAA2B-4079-4398-BC29-F001F9D9B377}.Debug|x86.ActiveCfg = Debug|Any CPU
		{9D5EAA2B-4079-4398-BC29-F001F9D9B377}.Debug|x86.Build.0 = Debug|Any CPU
		{9D5EAA2B-4079-4398-BC29-F001F9D9B377}.Debug|x86.Deploy.0 = Debug|Any CPU
		{9D5EAA2B-4079-4398-BC29-F001F9D9B377}.Release|Any CPU.ActiveCfg = Release|Any CPU
		{9D5EAA2B-4079-4398-BC29-F001F9D9B377}.Release|Any CPU.Build.0 = Release|Any CPU
		{9D5EAA2B-4079-4398-BC29-F001F9D9B377}.Release|Any CPU.Deploy.0 = Release|Any CPU
		{9D5EAA2B-4079-4398-BC29-F001F9D9B377}.Release|ARM.ActiveCfg = Release|Any CPU
		{9D5EAA2B-4079-4398-BC29-F001F9D9B377}.Release|ARM.Build.0 = Release|Any CPU
		{9D5EAA2B-4079-4398-BC29-F001F9D9B377}.Release|ARM.Deploy.0 = Release|Any CPU
		{9D5EAA2B-4079-4398-BC29-F001F9D9B377}.Release|iPhone.ActiveCfg = Release|Any CPU
		{9D5EAA2B-4079-4398-BC29-F001F9D9B377}.Release|iPhone.Build.0 = Release|Any CPU
		{9D5EAA2B-4079-4398-BC29-F001F9D9B377}.Release|iPhone.Deploy.0 = Release|Any CPU
		{9D5EAA2B-4079-4398-BC29-F001F9D9B377}.Release|iPhoneSimulator.ActiveCfg = Release|Any CPU
		{9D5EAA2B-4079-4398-BC29-F001F9D9B377}.Release|iPhoneSimulator.Build.0 = Release|Any CPU
		{9D5EAA2B-4079-4398-BC29-F001F9D9B377}.Release|iPhoneSimulator.Deploy.0 = Release|Any CPU
		{9D5EAA2B-4079-4398-BC29-F001F9D9B377}.Release|x64.ActiveCfg = Release|Any CPU
		{9D5EAA2B-4079-4398-BC29-F001F9D9B377}.Release|x64.Build.0 = Release|Any CPU
		{9D5EAA2B-4079-4398-BC29-F001F9D9B377}.Release|x64.Deploy.0 = Release|Any CPU
		{9D5EAA2B-4079-4398-BC29-F001F9D9B377}.Release|x86.ActiveCfg = Release|Any CPU
		{9D5EAA2B-4079-4398-BC29-F001F9D9B377}.Release|x86.Build.0 = Release|Any CPU
		{9D5EAA2B-4079-4398-BC29-F001F9D9B377}.Release|x86.Deploy.0 = Release|Any CPU
		{3685E8CE-7939-431A-9AD7-E2C967E736C9}.Debug|Any CPU.ActiveCfg = Debug|iPhone
		{3685E8CE-7939-431A-9AD7-E2C967E736C9}.Debug|Any CPU.Build.0 = Debug|iPhone
		{3685E8CE-7939-431A-9AD7-E2C967E736C9}.Debug|Any CPU.Deploy.0 = Debug|iPhone
		{3685E8CE-7939-431A-9AD7-E2C967E736C9}.Debug|ARM.ActiveCfg = Debug|iPhone
		{3685E8CE-7939-431A-9AD7-E2C967E736C9}.Debug|ARM.Build.0 = Debug|iPhone
		{3685E8CE-7939-431A-9AD7-E2C967E736C9}.Debug|ARM.Deploy.0 = Debug|iPhone
		{3685E8CE-7939-431A-9AD7-E2C967E736C9}.Debug|iPhone.ActiveCfg = Debug|iPhone
		{3685E8CE-7939-431A-9AD7-E2C967E736C9}.Debug|iPhone.Build.0 = Debug|iPhone
		{3685E8CE-7939-431A-9AD7-E2C967E736C9}.Debug|iPhone.Deploy.0 = Debug|iPhone
		{3685E8CE-7939-431A-9AD7-E2C967E736C9}.Debug|iPhoneSimulator.ActiveCfg = Debug|iPhoneSimulator
		{3685E8CE-7939-431A-9AD7-E2C967E736C9}.Debug|iPhoneSimulator.Build.0 = Debug|iPhoneSimulator
		{3685E8CE-7939-431A-9AD7-E2C967E736C9}.Debug|iPhoneSimulator.Deploy.0 = Debug|iPhoneSimulator
		{3685E8CE-7939-431A-9AD7-E2C967E736C9}.Debug|x64.ActiveCfg = Debug|iPhone
		{3685E8CE-7939-431A-9AD7-E2C967E736C9}.Debug|x64.Build.0 = Debug|iPhone
		{3685E8CE-7939-431A-9AD7-E2C967E736C9}.Debug|x64.Deploy.0 = Debug|iPhone
		{3685E8CE-7939-431A-9AD7-E2C967E736C9}.Debug|x86.ActiveCfg = Debug|iPhone
		{3685E8CE-7939-431A-9AD7-E2C967E736C9}.Debug|x86.Build.0 = Debug|iPhone
		{3685E8CE-7939-431A-9AD7-E2C967E736C9}.Debug|x86.Deploy.0 = Debug|iPhone
		{3685E8CE-7939-431A-9AD7-E2C967E736C9}.Release|Any CPU.ActiveCfg = Release|iPhone
		{3685E8CE-7939-431A-9AD7-E2C967E736C9}.Release|Any CPU.Build.0 = Release|iPhone
		{3685E8CE-7939-431A-9AD7-E2C967E736C9}.Release|Any CPU.Deploy.0 = Release|iPhone
		{3685E8CE-7939-431A-9AD7-E2C967E736C9}.Release|ARM.ActiveCfg = Release|iPhone
		{3685E8CE-7939-431A-9AD7-E2C967E736C9}.Release|ARM.Build.0 = Release|iPhone
		{3685E8CE-7939-431A-9AD7-E2C967E736C9}.Release|ARM.Deploy.0 = Release|iPhone
		{3685E8CE-7939-431A-9AD7-E2C967E736C9}.Release|iPhone.ActiveCfg = Release|iPhone
		{3685E8CE-7939-431A-9AD7-E2C967E736C9}.Release|iPhone.Build.0 = Release|iPhone
		{3685E8CE-7939-431A-9AD7-E2C967E736C9}.Release|iPhone.Deploy.0 = Release|iPhone
		{3685E8CE-7939-431A-9AD7-E2C967E736C9}.Release|iPhoneSimulator.ActiveCfg = Release|iPhoneSimulator
		{3685E8CE-7939-431A-9AD7-E2C967E736C9}.Release|iPhoneSimulator.Build.0 = Release|iPhoneSimulator
		{3685E8CE-7939-431A-9AD7-E2C967E736C9}.Release|iPhoneSimulator.Deploy.0 = Release|iPhoneSimulator
		{3685E8CE-7939-431A-9AD7-E2C967E736C9}.Release|x64.ActiveCfg = Release|iPhone
		{3685E8CE-7939-431A-9AD7-E2C967E736C9}.Release|x64.Build.0 = Release|iPhone
		{3685E8CE-7939-431A-9AD7-E2C967E736C9}.Release|x64.Deploy.0 = Release|iPhone
		{3685E8CE-7939-431A-9AD7-E2C967E736C9}.Release|x86.ActiveCfg = Release|iPhone
		{3685E8CE-7939-431A-9AD7-E2C967E736C9}.Release|x86.Build.0 = Release|iPhone
		{3685E8CE-7939-431A-9AD7-E2C967E736C9}.Release|x86.Deploy.0 = Release|iPhone
		{0B3DCC7C-0F24-4AA8-9278-2ED3D062A146}.Debug|Any CPU.ActiveCfg = Debug|Any CPU
		{0B3DCC7C-0F24-4AA8-9278-2ED3D062A146}.Debug|Any CPU.Build.0 = Debug|Any CPU
		{0B3DCC7C-0F24-4AA8-9278-2ED3D062A146}.Debug|Any CPU.Deploy.0 = Debug|Any CPU
		{0B3DCC7C-0F24-4AA8-9278-2ED3D062A146}.Debug|ARM.ActiveCfg = Debug|Any CPU
		{0B3DCC7C-0F24-4AA8-9278-2ED3D062A146}.Debug|ARM.Build.0 = Debug|Any CPU
		{0B3DCC7C-0F24-4AA8-9278-2ED3D062A146}.Debug|ARM.Deploy.0 = Debug|Any CPU
		{0B3DCC7C-0F24-4AA8-9278-2ED3D062A146}.Debug|iPhone.ActiveCfg = Debug|Any CPU
		{0B3DCC7C-0F24-4AA8-9278-2ED3D062A146}.Debug|iPhone.Build.0 = Debug|Any CPU
		{0B3DCC7C-0F24-4AA8-9278-2ED3D062A146}.Debug|iPhone.Deploy.0 = Debug|Any CPU
		{0B3DCC7C-0F24-4AA8-9278-2ED3D062A146}.Debug|iPhoneSimulator.ActiveCfg = Debug|Any CPU
		{0B3DCC7C-0F24-4AA8-9278-2ED3D062A146}.Debug|iPhoneSimulator.Build.0 = Debug|Any CPU
		{0B3DCC7C-0F24-4AA8-9278-2ED3D062A146}.Debug|iPhoneSimulator.Deploy.0 = Debug|Any CPU
		{0B3DCC7C-0F24-4AA8-9278-2ED3D062A146}.Debug|x64.ActiveCfg = Debug|Any CPU
		{0B3DCC7C-0F24-4AA8-9278-2ED3D062A146}.Debug|x64.Build.0 = Debug|Any CPU
		{0B3DCC7C-0F24-4AA8-9278-2ED3D062A146}.Debug|x64.Deploy.0 = Debug|Any CPU
		{0B3DCC7C-0F24-4AA8-9278-2ED3D062A146}.Debug|x86.ActiveCfg = Debug|Any CPU
		{0B3DCC7C-0F24-4AA8-9278-2ED3D062A146}.Debug|x86.Build.0 = Debug|Any CPU
		{0B3DCC7C-0F24-4AA8-9278-2ED3D062A146}.Debug|x86.Deploy.0 = Debug|Any CPU
		{0B3DCC7C-0F24-4AA8-9278-2ED3D062A146}.Release|Any CPU.ActiveCfg = Release|Any CPU
		{0B3DCC7C-0F24-4AA8-9278-2ED3D062A146}.Release|Any CPU.Build.0 = Release|Any CPU
		{0B3DCC7C-0F24-4AA8-9278-2ED3D062A146}.Release|Any CPU.Deploy.0 = Release|Any CPU
		{0B3DCC7C-0F24-4AA8-9278-2ED3D062A146}.Release|ARM.ActiveCfg = Release|Any CPU
		{0B3DCC7C-0F24-4AA8-9278-2ED3D062A146}.Release|ARM.Build.0 = Release|Any CPU
		{0B3DCC7C-0F24-4AA8-9278-2ED3D062A146}.Release|ARM.Deploy.0 = Release|Any CPU
		{0B3DCC7C-0F24-4AA8-9278-2ED3D062A146}.Release|iPhone.ActiveCfg = Release|Any CPU
		{0B3DCC7C-0F24-4AA8-9278-2ED3D062A146}.Release|iPhone.Build.0 = Release|Any CPU
		{0B3DCC7C-0F24-4AA8-9278-2ED3D062A146}.Release|iPhone.Deploy.0 = Release|Any CPU
		{0B3DCC7C-0F24-4AA8-9278-2ED3D062A146}.Release|iPhoneSimulator.ActiveCfg = Release|Any CPU
		{0B3DCC7C-0F24-4AA8-9278-2ED3D062A146}.Release|iPhoneSimulator.Build.0 = Release|Any CPU
		{0B3DCC7C-0F24-4AA8-9278-2ED3D062A146}.Release|iPhoneSimulator.Deploy.0 = Release|Any CPU
		{0B3DCC7C-0F24-4AA8-9278-2ED3D062A146}.Release|x64.ActiveCfg = Release|Any CPU
		{0B3DCC7C-0F24-4AA8-9278-2ED3D062A146}.Release|x64.Build.0 = Release|Any CPU
		{0B3DCC7C-0F24-4AA8-9278-2ED3D062A146}.Release|x64.Deploy.0 = Release|Any CPU
		{0B3DCC7C-0F24-4AA8-9278-2ED3D062A146}.Release|x86.ActiveCfg = Release|Any CPU
		{0B3DCC7C-0F24-4AA8-9278-2ED3D062A146}.Release|x86.Build.0 = Release|Any CPU
		{0B3DCC7C-0F24-4AA8-9278-2ED3D062A146}.Release|x86.Deploy.0 = Release|Any CPU
		{A7CEC03B-3586-406A-A204-C1BDDA63BC6B}.Debug|Any CPU.ActiveCfg = Debug|Any CPU
		{A7CEC03B-3586-406A-A204-C1BDDA63BC6B}.Debug|Any CPU.Build.0 = Debug|Any CPU
		{A7CEC03B-3586-406A-A204-C1BDDA63BC6B}.Debug|ARM.ActiveCfg = Debug|Any CPU
		{A7CEC03B-3586-406A-A204-C1BDDA63BC6B}.Debug|ARM.Build.0 = Debug|Any CPU
		{A7CEC03B-3586-406A-A204-C1BDDA63BC6B}.Debug|iPhone.ActiveCfg = Debug|Any CPU
		{A7CEC03B-3586-406A-A204-C1BDDA63BC6B}.Debug|iPhone.Build.0 = Debug|Any CPU
		{A7CEC03B-3586-406A-A204-C1BDDA63BC6B}.Debug|iPhoneSimulator.ActiveCfg = Debug|Any CPU
		{A7CEC03B-3586-406A-A204-C1BDDA63BC6B}.Debug|iPhoneSimulator.Build.0 = Debug|Any CPU
		{A7CEC03B-3586-406A-A204-C1BDDA63BC6B}.Debug|x64.ActiveCfg = Debug|Any CPU
		{A7CEC03B-3586-406A-A204-C1BDDA63BC6B}.Debug|x64.Build.0 = Debug|Any CPU
		{A7CEC03B-3586-406A-A204-C1BDDA63BC6B}.Debug|x86.ActiveCfg = Debug|Any CPU
		{A7CEC03B-3586-406A-A204-C1BDDA63BC6B}.Debug|x86.Build.0 = Debug|Any CPU
		{A7CEC03B-3586-406A-A204-C1BDDA63BC6B}.Release|Any CPU.ActiveCfg = Release|Any CPU
		{A7CEC03B-3586-406A-A204-C1BDDA63BC6B}.Release|Any CPU.Build.0 = Release|Any CPU
		{A7CEC03B-3586-406A-A204-C1BDDA63BC6B}.Release|ARM.ActiveCfg = Release|Any CPU
		{A7CEC03B-3586-406A-A204-C1BDDA63BC6B}.Release|ARM.Build.0 = Release|Any CPU
		{A7CEC03B-3586-406A-A204-C1BDDA63BC6B}.Release|iPhone.ActiveCfg = Release|Any CPU
		{A7CEC03B-3586-406A-A204-C1BDDA63BC6B}.Release|iPhone.Build.0 = Release|Any CPU
		{A7CEC03B-3586-406A-A204-C1BDDA63BC6B}.Release|iPhoneSimulator.ActiveCfg = Release|Any CPU
		{A7CEC03B-3586-406A-A204-C1BDDA63BC6B}.Release|iPhoneSimulator.Build.0 = Release|Any CPU
		{A7CEC03B-3586-406A-A204-C1BDDA63BC6B}.Release|x64.ActiveCfg = Release|Any CPU
		{A7CEC03B-3586-406A-A204-C1BDDA63BC6B}.Release|x64.Build.0 = Release|Any CPU
		{A7CEC03B-3586-406A-A204-C1BDDA63BC6B}.Release|x86.ActiveCfg = Release|Any CPU
		{A7CEC03B-3586-406A-A204-C1BDDA63BC6B}.Release|x86.Build.0 = Release|Any CPU
	EndGlobalSection
	GlobalSection(SolutionProperties) = preSolution
		HideSolutionNode = FALSE
	EndGlobalSection
	GlobalSection(ExtensibilityGlobals) = postSolution
		SolutionGuid = {521B4E28-51B6-40AB-B80E-7E2B54A692CF}
	EndGlobalSection
EndGlobal
